
Microsoft Visual Studio Solution File, Format Version 12.00
# Visual Studio Version 17
VisualStudioVersion = 17.7.34031.279
MinimumVisualStudioVersion = 10.0.40219.1
Project("{FAE04EC0-301F-11D3-BF4B-00C04F79EFBC}") = "Zadacha3", "Zadacha3\Zadacha3.csproj", "{15DD9F8C-3548-4F5F-9F41-DFC24DAAA987}"
EndProject
Global
	GlobalSection(SolutionConfigurationPlatforms) = preSolution
		Debug|Any CPU = Debug|Any CPU
		Release|Any CPU = Release|Any CPU
	EndGlobalSection
	GlobalSection(ProjectConfigurationPlatforms) = postSolution
		{15DD9F8C-3548-4F5F-9F41-DFC24DAAA987}.Debug|Any CPU.ActiveCfg = Debug|Any CPU
		{15DD9F8C-3548-4F5F-9F41-DFC24DAAA987}.Debug|Any CPU.Build.0 = Debug|Any CPU
		{15DD9F8C-3548-4F5F-9F41-DFC24DAAA987}.Release|Any CPU.ActiveCfg = Release|Any CPU
		{15DD9F8C-3548-4F5F-9F41-DFC24DAAA987}.Release|Any CPU.Build.0 = Release|Any CPU
	EndGlobalSection
	GlobalSection(SolutionProperties) = preSolution
		HideSolutionNode = FALSE
	EndGlobalSection
	GlobalSection(ExtensibilityGlobals) = postSolution
		SolutionGuid = {D2039D26-10EC-4A49-B60E-B58BBFA6D059}
	EndGlobalSection
EndGlobal
