
Microsoft Visual Studio Solution File, Format Version 12.00
# Visual Studio Version 17
VisualStudioVersion = 17.7.34031.279
MinimumVisualStudioVersion = 10.0.40219.1
Project("{FAE04EC0-301F-11D3-BF4B-00C04F79EFBC}") = "Zadacha1", "Zadacha1\Zadacha1.csproj", "{197656BB-E56B-43D6-A314-8E4F3F14BB19}"
EndProject
Global
	GlobalSection(SolutionConfigurationPlatforms) = preSolution
		Debug|Any CPU = Debug|Any CPU
		Release|Any CPU = Release|Any CPU
	EndGlobalSection
	GlobalSection(ProjectConfigurationPlatforms) = postSolution
		{197656BB-E56B-43D6-A314-8E4F3F14BB19}.Debug|Any CPU.ActiveCfg = Debug|Any CPU
		{197656BB-E56B-43D6-A314-8E4F3F14BB19}.Debug|Any CPU.Build.0 = Debug|Any CPU
		{197656BB-E56B-43D6-A314-8E4F3F14BB19}.Release|Any CPU.ActiveCfg = Release|Any CPU
		{197656BB-E56B-43D6-A314-8E4F3F14BB19}.Release|Any CPU.Build.0 = Release|Any CPU
	EndGlobalSection
	GlobalSection(SolutionProperties) = preSolution
		HideSolutionNode = FALSE
	EndGlobalSection
	GlobalSection(ExtensibilityGlobals) = postSolution
		SolutionGuid = {ABB5458D-5880-4B86-95A9-9B9D01A02C57}
	EndGlobalSection
EndGlobal
